
Microsoft Visual Studio Solution File, Format Version 12.00
# Visual Studio 15
VisualStudioVersion = 15.0.28010.2026
MinimumVisualStudioVersion = 10.0.40219.1
Project("{FAE04EC0-301F-11D3-BF4B-00C04F79EFBC}") = "VitalSigns", "VitalSigns\VitalSigns.csproj", "{B77543F7-D4C3-4925-8183-389CFC9C7798}"
EndProject
Project("{FAE04EC0-301F-11D3-BF4B-00C04F79EFBC}") = "VitalSignsWeb", "VitalSignsWeb\VitalSignsWeb.csproj", "{900348BC-76E4-4B65-9C7F-77693D57157E}"
EndProject
Global
	GlobalSection(SolutionConfigurationPlatforms) = preSolution
		Debug|Any CPU = Debug|Any CPU
		Release|Any CPU = Release|Any CPU
	EndGlobalSection
	GlobalSection(ProjectConfigurationPlatforms) = postSolution
		{B77543F7-D4C3-4925-8183-389CFC9C7798}.Debug|Any CPU.ActiveCfg = Debug|Any CPU
		{B77543F7-D4C3-4925-8183-389CFC9C7798}.Debug|Any CPU.Build.0 = Debug|Any CPU
		{B77543F7-D4C3-4925-8183-389CFC9C7798}.Release|Any CPU.ActiveCfg = Release|Any CPU
		{B77543F7-D4C3-4925-8183-389CFC9C7798}.Release|Any CPU.Build.0 = Release|Any CPU
		{900348BC-76E4-4B65-9C7F-77693D57157E}.Debug|Any CPU.ActiveCfg = Debug|Any CPU
		{900348BC-76E4-4B65-9C7F-77693D57157E}.Debug|Any CPU.Build.0 = Debug|Any CPU
		{900348BC-76E4-4B65-9C7F-77693D57157E}.Release|Any CPU.ActiveCfg = Release|Any CPU
		{900348BC-76E4-4B65-9C7F-77693D57157E}.Release|Any CPU.Build.0 = Release|Any CPU
	EndGlobalSection
	GlobalSection(SolutionProperties) = preSolution
		HideSolutionNode = FALSE
	EndGlobalSection
	GlobalSection(ExtensibilityGlobals) = postSolution
		SolutionGuid = {50F37CE5-B63C-46D5-A2E9-4C4039C55A85}
	EndGlobalSection
EndGlobal
